
Microsoft Visual Studio Solution File, Format Version 12.00
# Visual Studio Version 17
VisualStudioVersion = 17.2.32630.192
MinimumVisualStudioVersion = 10.0.40219.1
Project("{FAE04EC0-301F-11D3-BF4B-00C04F79EFBC}") = "homework wee02", "homework wee02\homework wee02.csproj", "{A25F6EF8-E292-442A-B132-9FA56CAE7E3D}"
EndProject
Global
	GlobalSection(SolutionConfigurationPlatforms) = preSolution
		Debug|Any CPU = Debug|Any CPU
		Release|Any CPU = Release|Any CPU
	EndGlobalSection
	GlobalSection(ProjectConfigurationPlatforms) = postSolution
		{A25F6EF8-E292-442A-B132-9FA56CAE7E3D}.Debug|Any CPU.ActiveCfg = Debug|Any CPU
		{A25F6EF8-E292-442A-B132-9FA56CAE7E3D}.Debug|Any CPU.Build.0 = Debug|Any CPU
		{A25F6EF8-E292-442A-B132-9FA56CAE7E3D}.Release|Any CPU.ActiveCfg = Release|Any CPU
		{A25F6EF8-E292-442A-B132-9FA56CAE7E3D}.Release|Any CPU.Build.0 = Release|Any CPU
	EndGlobalSection
	GlobalSection(SolutionProperties) = preSolution
		HideSolutionNode = FALSE
	EndGlobalSection
	GlobalSection(ExtensibilityGlobals) = postSolution
		SolutionGuid = {4732629A-1285-4796-A10F-08995283AEC7}
	EndGlobalSection
EndGlobal
